// !$*UTF8*$!
{
	archiveVersion = 1;
	classes = {
	};
	objectVersion = 48;
	objects = {

/* Begin PBXBuildFile section */
		4E80CE2AB6DED160BE0876DD /* Pods_Chat_App.framework in Frameworks */ = {isa = PBXBuildFile; fileRef = 121E45713BCD2EBB637443FB /* Pods_Chat_App.framework */; };
		D943F81B2007EFE200C565DE /* LogInViewController.swift in Sources */ = {isa = PBXBuildFile; fileRef = D943F81A2007EFE100C565DE /* LogInViewController.swift */; };
		D943F81D2007F01300C565DE /* RegisterViewController.swift in Sources */ = {isa = PBXBuildFile; fileRef = D943F81C2007F01300C565DE /* RegisterViewController.swift */; };
		D943F81F200808F300C565DE /* ChatViewController.swift in Sources */ = {isa = PBXBuildFile; fileRef = D943F81E200808F300C565DE /* ChatViewController.swift */; };
		D943F82A200847C900C565DE /* customMessageCell.swift in Sources */ = {isa = PBXBuildFile; fileRef = D943F828200847C900C565DE /* customMessageCell.swift */; };
		D943F82B200847C900C565DE /* customMessageCell.xib in Resources */ = {isa = PBXBuildFile; fileRef = D943F829200847C900C565DE /* customMessageCell.xib */; };
		D943F82D2008680D00C565DE /* Message.swift in Sources */ = {isa = PBXBuildFile; fileRef = D943F82C2008680D00C565DE /* Message.swift */; };
		D9D0875C200122A800612123 /* AppDelegate.swift in Sources */ = {isa = PBXBuildFile; fileRef = D9D0875B200122A800612123 /* AppDelegate.swift */; };
		D9D0875E200122A800612123 /* ViewController.swift in Sources */ = {isa = PBXBuildFile; fileRef = D9D0875D200122A800612123 /* ViewController.swift */; };
		D9D08761200122A800612123 /* Main.storyboard in Resources */ = {isa = PBXBuildFile; fileRef = D9D0875F200122A800612123 /* Main.storyboard */; };
		D9D08763200122A800612123 /* Assets.xcassets in Resources */ = {isa = PBXBuildFile; fileRef = D9D08762200122A800612123 /* Assets.xcassets */; };
		D9D08766200122A800612123 /* LaunchScreen.storyboard in Resources */ = {isa = PBXBuildFile; fileRef = D9D08764200122A800612123 /* LaunchScreen.storyboard */; };
		D9D0876E2001232700612123 /* GoogleService-Info.plist in Resources */ = {isa = PBXBuildFile; fileRef = D9D0876D2001232700612123 /* GoogleService-Info.plist */; };
		D9D0877020012F2800612123 /* WelcomeViewController.swift in Sources */ = {isa = PBXBuildFile; fileRef = D9D0876F20012F2800612123 /* WelcomeViewController.swift */; };
/* End PBXBuildFile section */

/* Begin PBXFileReference section */
		121E45713BCD2EBB637443FB /* Pods_Chat_App.framework */ = {isa = PBXFileReference; explicitFileType = wrapper.framework; includeInIndex = 0; path = Pods_Chat_App.framework; sourceTree = BUILT_PRODUCTS_DIR; };
		8175DA99F1BF1F82EF1BC6E3 /* Pods-Chat App.release.xcconfig */ = {isa = PBXFileReference; includeInIndex = 1; lastKnownFileType = text.xcconfig; name = "Pods-Chat App.release.xcconfig"; path = "Pods/Target Support Files/Pods-Chat App/Pods-Chat App.release.xcconfig"; sourceTree = "<group>"; };
		B2DF0358F52E0818DBB0C44B /* Pods-Chat App.debug.xcconfig */ = {isa = PBXFileReference; includeInIndex = 1; lastKnownFileType = text.xcconfig; name = "Pods-Chat App.debug.xcconfig"; path = "Pods/Target Support Files/Pods-Chat App/Pods-Chat App.debug.xcconfig"; sourceTree = "<group>"; };
		D943F81A2007EFE100C565DE /* LogInViewController.swift */ = {isa = PBXFileReference; lastKnownFileType = sourcecode.swift; path = LogInViewController.swift; sourceTree = "<group>"; };
		D943F81C2007F01300C565DE /* RegisterViewController.swift */ = {isa = PBXFileReference; lastKnownFileType = sourcecode.swift; path = RegisterViewController.swift; sourceTree = "<group>"; };
		D943F81E200808F300C565DE /* ChatViewController.swift */ = {isa = PBXFileReference; lastKnownFileType = sourcecode.swift; path = ChatViewController.swift; sourceTree = "<group>"; };
		D943F828200847C900C565DE /* customMessageCell.swift */ = {isa = PBXFileReference; lastKnownFileType = sourcecode.swift; path = customMessageCell.swift; sourceTree = "<group>"; };
		D943F829200847C900C565DE /* customMessageCell.xib */ = {isa = PBXFileReference; lastKnownFileType = file.xib; path = customMessageCell.xib; sourceTree = "<group>"; };
		D943F82C2008680D00C565DE /* Message.swift */ = {isa = PBXFileReference; lastKnownFileType = sourcecode.swift; path = Message.swift; sourceTree = "<group>"; };
		D9D08758200122A800612123 /* Chat App.app */ = {isa = PBXFileReference; explicitFileType = wrapper.application; includeInIndex = 0; path = "Chat App.app"; sourceTree = BUILT_PRODUCTS_DIR; };
		D9D0875B200122A800612123 /* AppDelegate.swift */ = {isa = PBXFileReference; lastKnownFileType = sourcecode.swift; path = AppDelegate.swift; sourceTree = "<group>"; };
		D9D0875D200122A800612123 /* ViewController.swift */ = {isa = PBXFileReference; lastKnownFileType = sourcecode.swift; path = ViewController.swift; sourceTree = "<group>"; };
		D9D08760200122A800612123 /* Base */ = {isa = PBXFileReference; lastKnownFileType = file.storyboard; name = Base; path = Base.lproj/Main.storyboard; sourceTree = "<group>"; };
		D9D08762200122A800612123 /* Assets.xcassets */ = {isa = PBXFileReference; lastKnownFileType = folder.assetcatalog; path = Assets.xcassets; sourceTree = "<group>"; };
		D9D08765200122A800612123 /* Base */ = {isa = PBXFileReference; lastKnownFileType = file.storyboard; name = Base; path = Base.lproj/LaunchScreen.storyboard; sourceTree = "<group>"; };
		D9D08767200122A800612123 /* Info.plist */ = {isa = PBXFileReference; lastKnownFileType = text.plist.xml; path = Info.plist; sourceTree = "<group>"; };
		D9D0876D2001232700612123 /* GoogleService-Info.plist */ = {isa = PBXFileReference; fileEncoding = 4; lastKnownFileType = text.plist.xml; path = "GoogleService-Info.plist"; sourceTree = "<group>"; };
		D9D0876F20012F2800612123 /* WelcomeViewController.swift */ = {isa = PBXFileReference; lastKnownFileType = sourcecode.swift; path = WelcomeViewController.swift; sourceTree = "<group>"; };
/* End PBXFileReference section */

/* Begin PBXFrameworksBuildPhase section */
		D9D08755200122A800612123 /* Frameworks */ = {
			isa = PBXFrameworksBuildPhase;
			buildActionMask = 2147483647;
			files = (
				4E80CE2AB6DED160BE0876DD /* Pods_Chat_App.framework in Frameworks */,
			);
			runOnlyForDeploymentPostprocessing = 0;
		};
/* End PBXFrameworksBuildPhase section */

/* Begin PBXGroup section */
		1772C7FCE038B9A9895C00AD /* Pods */ = {
			isa = PBXGroup;
			children = (
				B2DF0358F52E0818DBB0C44B /* Pods-Chat App.debug.xcconfig */,
				8175DA99F1BF1F82EF1BC6E3 /* Pods-Chat App.release.xcconfig */,
			);
			name = Pods;
			sourceTree = "<group>";
		};
		656759B25339DAFBD71C792F /* Frameworks */ = {
			isa = PBXGroup;
			children = (
				121E45713BCD2EBB637443FB /* Pods_Chat_App.framework */,
			);
			name = Frameworks;
			sourceTree = "<group>";
		};
		D9D0874F200122A700612123 = {
			isa = PBXGroup;
			children = (
				D9D0875A200122A800612123 /* Chat App */,
				D9D08759200122A800612123 /* Products */,
				1772C7FCE038B9A9895C00AD /* Pods */,
				656759B25339DAFBD71C792F /* Frameworks */,
			);
			sourceTree = "<group>";
		};
		D9D08759200122A800612123 /* Products */ = {
			isa = PBXGroup;
			children = (
				D9D08758200122A800612123 /* Chat App.app */,
			);
			name = Products;
			sourceTree = "<group>";
		};
		D9D0875A200122A800612123 /* Chat App */ = {
			isa = PBXGroup;
			children = (
				D9D0875B200122A800612123 /* AppDelegate.swift */,
				D9D0875D200122A800612123 /* ViewController.swift */,
				D9D0875F200122A800612123 /* Main.storyboard */,
				D9D08762200122A800612123 /* Assets.xcassets */,
				D9D08764200122A800612123 /* LaunchScreen.storyboard */,
				D9D08767200122A800612123 /* Info.plist */,
				D9D0876D2001232700612123 /* GoogleService-Info.plist */,
				D9D0876F20012F2800612123 /* WelcomeViewController.swift */,
				D943F81A2007EFE100C565DE /* LogInViewController.swift */,
				D943F81C2007F01300C565DE /* RegisterViewController.swift */,
				D943F81E200808F300C565DE /* ChatViewController.swift */,
				D943F828200847C900C565DE /* customMessageCell.swift */,
				D943F829200847C900C565DE /* customMessageCell.xib */,
				D943F82C2008680D00C565DE /* Message.swift */,
			);
			path = "Chat App";
			sourceTree = "<group>";
		};
/* End PBXGroup section */

/* Begin PBXNativeTarget section */
		D9D08757200122A800612123 /* Chat App */ = {
			isa = PBXNativeTarget;
			buildConfigurationList = D9D0876A200122A800612123 /* Build configuration list for PBXNativeTarget "Chat App" */;
			buildPhases = (
				04D6C52B953E70CF541BF233 /* [CP] Check Pods Manifest.lock */,
				D9D08754200122A800612123 /* Sources */,
				D9D08755200122A800612123 /* Frameworks */,
				D9D08756200122A800612123 /* Resources */,
				E51EFBFD26BC421CB7E3E4AD /* [CP] Embed Pods Frameworks */,
				A1EC4260152C027DD0F2D4EE /* [CP] Copy Pods Resources */,
			);
			buildRules = (
			);
			dependencies = (
			);
			name = "Chat App";
			productName = "Chat App";
			productReference = D9D08758200122A800612123 /* Chat App.app */;
			productType = "com.apple.product-type.application";
		};
/* End PBXNativeTarget section */

/* Begin PBXProject section */
		D9D08750200122A700612123 /* Project object */ = {
			isa = PBXProject;
			attributes = {
				LastSwiftUpdateCheck = 0910;
				LastUpgradeCheck = 0910;
				ORGANIZATIONNAME = Mohamed;
				TargetAttributes = {
					D9D08757200122A800612123 = {
						CreatedOnToolsVersion = 9.1;
						ProvisioningStyle = Automatic;
					};
				};
			};
			buildConfigurationList = D9D08753200122A700612123 /* Build configuration list for PBXProject "Chat App" */;
			compatibilityVersion = "Xcode 8.0";
			developmentRegion = en;
			hasScannedForEncodings = 0;
			knownRegions = (
				en,
				Base,
			);
			mainGroup = D9D0874F200122A700612123;
			productRefGroup = D9D08759200122A800612123 /* Products */;
			projectDirPath = "";
			projectRoot = "";
			targets = (
				D9D08757200122A800612123 /* Chat App */,
			);
		};
/* End PBXProject section */

/* Begin PBXResourcesBuildPhase section */
		D9D08756200122A800612123 /* Resources */ = {
			isa = PBXResourcesBuildPhase;
			buildActionMask = 2147483647;
			files = (
				D9D08766200122A800612123 /* LaunchScreen.storyboard in Resources */,
				D943F82B200847C900C565DE /* customMessageCell.xib in Resources */,
				D9D0876E2001232700612123 /* GoogleService-Info.plist in Resources */,
				D9D08763200122A800612123 /* Assets.xcassets in Resources */,
				D9D08761200122A800612123 /* Main.storyboard in Resources */,
			);
			runOnlyForDeploymentPostprocessing = 0;
		};
/* End PBXResourcesBuildPhase section */

/* Begin PBXShellScriptBuildPhase section */
		04D6C52B953E70CF541BF233 /* [CP] Check Pods Manifest.lock */ = {
			isa = PBXShellScriptBuildPhase;
			buildActionMask = 2147483647;
			files = (
			);
			inputPaths = (
				"${PODS_PODFILE_DIR_PATH}/Podfile.lock",
				"${PODS_ROOT}/Manifest.lock",
			);
			name = "[CP] Check Pods Manifest.lock";
			outputPaths = (
				"$(DERIVED_FILE_DIR)/Pods-Chat App-checkManifestLockResult.txt",
			);
			runOnlyForDeploymentPostprocessing = 0;
			shellPath = /bin/sh;
			shellScript = "diff \"${PODS_PODFILE_DIR_PATH}/Podfile.lock\" \"${PODS_ROOT}/Manifest.lock\" > /dev/null\nif [ $? != 0 ] ; then\n    # print error to STDERR\n    echo \"error: The sandbox is not in sync with the Podfile.lock. Run 'pod install' or update your CocoaPods installation.\" >&2\n    exit 1\nfi\n# This output is used by Xcode 'outputs' to avoid re-running this script phase.\necho \"SUCCESS\" > \"${SCRIPT_OUTPUT_FILE_0}\"\n";
			showEnvVarsInLog = 0;
		};
		A1EC4260152C027DD0F2D4EE /* [CP] Copy Pods Resources */ = {
			isa = PBXShellScriptBuildPhase;
			buildActionMask = 2147483647;
			files = (
			);
			inputPaths = (
			);
			name = "[CP] Copy Pods Resources";
			outputPaths = (
			);
			runOnlyForDeploymentPostprocessing = 0;
			shellPath = /bin/sh;
			shellScript = "\"${SRCROOT}/Pods/Target Support Files/Pods-Chat App/Pods-Chat App-resources.sh\"\n";
			showEnvVarsInLog = 0;
		};
		E51EFBFD26BC421CB7E3E4AD /* [CP] Embed Pods Frameworks */ = {
			isa = PBXShellScriptBuildPhase;
			buildActionMask = 2147483647;
			files = (
			);
			inputPaths = (
				"${SRCROOT}/Pods/Target Support Files/Pods-Chat App/Pods-Chat App-frameworks.sh",
				"${BUILT_PRODUCTS_DIR}/ChameleonFramework/ChameleonFramework.framework",
				"${BUILT_PRODUCTS_DIR}/GTMSessionFetcher/GTMSessionFetcher.framework",
				"${BUILT_PRODUCTS_DIR}/GoogleToolboxForMac/GoogleToolboxForMac.framework",
				"${BUILT_PRODUCTS_DIR}/SVProgressHUD/SVProgressHUD.framework",
			);
			name = "[CP] Embed Pods Frameworks";
			outputPaths = (
				"${TARGET_BUILD_DIR}/${FRAMEWORKS_FOLDER_PATH}/ChameleonFramework.framework",
				"${TARGET_BUILD_DIR}/${FRAMEWORKS_FOLDER_PATH}/GTMSessionFetcher.framework",
				"${TARGET_BUILD_DIR}/${FRAMEWORKS_FOLDER_PATH}/GoogleToolboxForMac.framework",
				"${TARGET_BUILD_DIR}/${FRAMEWORKS_FOLDER_PATH}/SVProgressHUD.framework",
			);
			runOnlyForDeploymentPostprocessing = 0;
			shellPath = /bin/sh;
			shellScript = "\"${SRCROOT}/Pods/Target Support Files/Pods-Chat App/Pods-Chat App-frameworks.sh\"\n";
			showEnvVarsInLog = 0;
		};
/* End PBXShellScriptBuildPhase section */

/* Begin PBXSourcesBuildPhase section */
		D9D08754200122A800612123 /* Sources */ = {
			isa = PBXSourcesBuildPhase;
			buildActionMask = 2147483647;
			files = (
				D943F81B2007EFE200C565DE /* LogInViewController.swift in Sources */,
				D943F81D2007F01300C565DE /* RegisterViewController.swift in Sources */,
				D9D0877020012F2800612123 /* WelcomeViewController.swift in Sources */,
				D9D0875E200122A800612123 /* ViewController.swift in Sources */,
				D943F81F200808F300C565DE /* ChatViewController.swift in Sources */,
				D943F82D2008680D00C565DE /* Message.swift in Sources */,
				D943F82A200847C900C565DE /* customMessageCell.swift in Sources */,
				D9D0875C200122A800612123 /* AppDelegate.swift in Sources */,
			);
			runOnlyForDeploymentPostprocessing = 0;
		};
/* End PBXSourcesBuildPhase section */

/* Begin PBXVariantGroup section */
		D9D0875F200122A800612123 /* Main.storyboard */ = {
			isa = PBXVariantGroup;
			children = (
				D9D08760200122A800612123 /* Base */,
			);
			name = Main.storyboard;
			sourceTree = "<group>";
		};
		D9D08764200122A800612123 /* LaunchScreen.storyboard */ = {
			isa = PBXVariantGroup;
			children = (
				D9D08765200122A800612123 /* Base */,
			);
			name = LaunchScreen.storyboard;
			sourceTree = "<group>";
		};
/* End PBXVariantGroup section */

/* Begin XCBuildConfiguration section */
		D9D08768200122A800612123 /* Debug */ = {
			isa = XCBuildConfiguration;
			buildSettings = {
				ALWAYS_SEARCH_USER_PATHS = NO;
				CLANG_ANALYZER_NONNULL = YES;
				CLANG_ANALYZER_NUMBER_OBJECT_CONVERSION = YES_AGGRESSIVE;
				CLANG_CXX_LANGUAGE_STANDARD = "gnu++14";
				CLANG_CXX_LIBRARY = "libc++";
				CLANG_ENABLE_MODULES = YES;
				CLANG_ENABLE_OBJC_ARC = YES;
				CLANG_WARN_BLOCK_CAPTURE_AUTORELEASING = YES;
				CLANG_WARN_BOOL_CONVERSION = YES;
				CLANG_WARN_COMMA = YES;
				CLANG_WARN_CONSTANT_CONVERSION = YES;
				CLANG_WARN_DIRECT_OBJC_ISA_USAGE = YES_ERROR;
				CLANG_WARN_DOCUMENTATION_COMMENTS = YES;
				CLANG_WARN_EMPTY_BODY = YES;
				CLANG_WARN_ENUM_CONVERSION = YES;
				CLANG_WARN_INFINITE_RECURSION = YES;
				CLANG_WARN_INT_CONVERSION = YES;
				CLANG_WARN_NON_LITERAL_NULL_CONVERSION = YES;
				CLANG_WARN_OBJC_LITERAL_CONVERSION = YES;
				CLANG_WARN_OBJC_ROOT_CLASS = YES_ERROR;
				CLANG_WARN_RANGE_LOOP_ANALYSIS = YES;
				CLANG_WARN_STRICT_PROTOTYPES = YES;
				CLANG_WARN_SUSPICIOUS_MOVE = YES;
				CLANG_WARN_UNGUARDED_AVAILABILITY = YES_AGGRESSIVE;
				CLANG_WARN_UNREACHABLE_CODE = YES;
				CLANG_WARN__DUPLICATE_METHOD_MATCH = YES;
				CODE_SIGN_IDENTITY = "iPhone Developer";
				COPY_PHASE_STRIP = NO;
				DEBUG_INFORMATION_FORMAT = dwarf;
				ENABLE_STRICT_OBJC_MSGSEND = YES;
				ENABLE_TESTABILITY = YES;
				GCC_C_LANGUAGE_STANDARD = gnu11;
				GCC_DYNAMIC_NO_PIC = NO;
				GCC_NO_COMMON_BLOCKS = YES;
				GCC_OPTIMIZATION_LEVEL = 0;
				GCC_PREPROCESSOR_DEFINITIONS = (
					"DEBUG=1",
					"$(inherited)",
				);
				GCC_WARN_64_TO_32_BIT_CONVERSION = YES;
				GCC_WARN_ABOUT_RETURN_TYPE = YES_ERROR;
				GCC_WARN_UNDECLARED_SELECTOR = YES;
				GCC_WARN_UNINITIALIZED_AUTOS = YES_AGGRESSIVE;
				GCC_WARN_UNUSED_FUNCTION = YES;
				GCC_WARN_UNUSED_VARIABLE = YES;
				IPHONEOS_DEPLOYMENT_TARGET = 11.1;
				MTL_ENABLE_DEBUG_INFO = YES;
				ONLY_ACTIVE_ARCH = YES;
				SDKROOT = iphoneos;
				SWIFT_ACTIVE_COMPILATION_CONDITIONS = DEBUG;
				SWIFT_OPTIMIZATION_LEVEL = "-Onone";
			};
			name = Debug;
		};
		D9D08769200122A800612123 /* Release */ = {
			isa = XCBuildConfiguration;
			buildSettings = {
				ALWAYS_SEARCH_USER_PATHS = NO;
				CLANG_ANALYZER_NONNULL = YES;
				CLANG_ANALYZER_NUMBER_OBJECT_CONVERSION = YES_AGGRESSIVE;
				CLANG_CXX_LANGUAGE_STANDARD = "gnu++14";
				CLANG_CXX_LIBRARY = "libc++";
				CLANG_ENABLE_MODULES = YES;
				CLANG_ENABLE_OBJC_ARC = YES;
				CLANG_WARN_BLOCK_CAPTURE_AUTORELEASING = YES;
				CLANG_WARN_BOOL_CONVERSION = YES;
				CLANG_WARN_COMMA = YES;
				CLANG_WARN_CONSTANT_CONVERSION = YES;
				CLANG_WARN_DIRECT_OBJC_ISA_USAGE = YES_ERROR;
				CLANG_WARN_DOCUMENTATION_COMMENTS = YES;
				CLANG_WARN_EMPTY_BODY = YES;
				CLANG_WARN_ENUM_CONVERSION = YES;
				CLANG_WARN_INFINITE_RECURSION = YES;
				CLANG_WARN_INT_CONVERSION = YES;
				CLANG_WARN_NON_LITERAL_NULL_CONVERSION = YES;
				CLANG_WARN_OBJC_LITERAL_CONVERSION = YES;
				CLANG_WARN_OBJC_ROOT_CLASS = YES_ERROR;
				CLANG_WARN_RANGE_LOOP_ANALYSIS = YES;
				CLANG_WARN_STRICT_PROTOTYPES = YES;
				CLANG_WARN_SUSPICIOUS_MOVE = YES;
				CLANG_WARN_UNGUARDED_AVAILABILITY = YES_AGGRESSIVE;
				CLANG_WARN_UNREACHABLE_CODE = YES;
				CLANG_WARN__DUPLICATE_METHOD_MATCH = YES;
				CODE_SIGN_IDENTITY = "iPhone Developer";
				COPY_PHASE_STRIP = NO;
				DEBUG_INFORMATION_FORMAT = "dwarf-with-dsym";
				ENABLE_NS_ASSERTIONS = NO;
				ENABLE_STRICT_OBJC_MSGSEND = YES;
				GCC_C_LANGUAGE_STANDARD = gnu11;
				GCC_NO_COMMON_BLOCKS = YES;
				GCC_WARN_64_TO_32_BIT_CONVERSION = YES;
				GCC_WARN_ABOUT_RETURN_TYPE = YES_ERROR;
				GCC_WARN_UNDECLARED_SELECTOR = YES;
				GCC_WARN_UNINITIALIZED_AUTOS = YES_AGGRESSIVE;
				GCC_WARN_UNUSED_FUNCTION = YES;
				GCC_WARN_UNUSED_VARIABLE = YES;
				IPHONEOS_DEPLOYMENT_TARGET = 11.1;
				MTL_ENABLE_DEBUG_INFO = NO;
				SDKROOT = iphoneos;
				SWIFT_OPTIMIZATION_LEVEL = "-Owholemodule";
				VALIDATE_PRODUCT = YES;
			};
			name = Release;
		};
		D9D0876B200122A800612123 /* Debug */ = {
			isa = XCBuildConfiguration;
			baseConfigurationReference = B2DF0358F52E0818DBB0C44B /* Pods-Chat App.debug.xcconfig */;
			buildSettings = {
				ASSETCATALOG_COMPILER_APPICON_NAME = AppIcon;
				CODE_SIGN_STYLE = Automatic;
				INFOPLIST_FILE = "Chat App/Info.plist";
				LD_RUNPATH_SEARCH_PATHS = "$(inherited) @executable_path/Frameworks";
				PRODUCT_BUNDLE_IDENTIFIER = "mohamed.Chat-App";
				PRODUCT_NAME = "$(TARGET_NAME)";
				SWIFT_VERSION = 4.0;
				TARGETED_DEVICE_FAMILY = "1,2";
			};
			name = Debug;
		};
		D9D0876C200122A800612123 /* Release */ = {
			isa = XCBuildConfiguration;
			baseConfigurationReference = 8175DA99F1BF1F82EF1BC6E3 /* Pods-Chat App.release.xcconfig */;
			buildSettings = {
				ASSETCATALOG_COMPILER_APPICON_NAME = AppIcon;
				CODE_SIGN_STYLE = Automatic;
				INFOPLIST_FILE = "Chat App/Info.plist";
				LD_RUNPATH_SEARCH_PATHS = "$(inherited) @executable_path/Frameworks";
				PRODUCT_BUNDLE_IDENTIFIER = "mohamed.Chat-App";
				PRODUCT_NAME = "$(TARGET_NAME)";
				SWIFT_VERSION = 4.0;
				TARGETED_DEVICE_FAMILY = "1,2";
			};
			name = Release;
		};
/* End XCBuildConfiguration section */

/* Begin XCConfigurationList section */
		D9D08753200122A700612123 /* Build configuration list for PBXProject "Chat App" */ = {
			isa = XCConfigurationList;
			buildConfigurations = (
				D9D08768200122A800612123 /* Debug */,
				D9D08769200122A800612123 /* Release */,
			);
			defaultConfigurationIsVisible = 0;
			defaultConfigurationName = Release;
		};
		D9D0876A200122A800612123 /* Build configuration list for PBXNativeTarget "Chat App" */ = {
			isa = XCConfigurationList;
			buildConfigurations = (
				D9D0876B200122A800612123 /* Debug */,
				D9D0876C200122A800612123 /* Release */,
			);
			defaultConfigurationIsVisible = 0;
			defaultConfigurationName = Release;
		};
/* End XCConfigurationList section */
	};
	rootObject = D9D08750200122A700612123 /* Project object */;
}
